
Microsoft Visual Studio Solution File, Format Version 12.00
# Visual Studio 15
VisualStudioVersion = 15.0.28307.572
MinimumVisualStudioVersion = 10.0.40219.1
Project("{FAE04EC0-301F-11D3-BF4B-00C04F79EFBC}") = "WindowsFormsApp1", "WindowsFormsApp1\WindowsFormsApp1.csproj", "{A5ABED68-3E61-454F-BD40-5BB80503901B}"
EndProject
Global
	GlobalSection(SolutionConfigurationPlatforms) = preSolution
		Debug|Any CPU = Debug|Any CPU
		Release|Any CPU = Release|Any CPU
	EndGlobalSection
	GlobalSection(ProjectConfigurationPlatforms) = postSolution
		{A5ABED68-3E61-454F-BD40-5BB80503901B}.Debug|Any CPU.ActiveCfg = Debug|Any CPU
		{A5ABED68-3E61-454F-BD40-5BB80503901B}.Debug|Any CPU.Build.0 = Debug|Any CPU
		{A5ABED68-3E61-454F-BD40-5BB80503901B}.Release|Any CPU.ActiveCfg = Release|Any CPU
		{A5ABED68-3E61-454F-BD40-5BB80503901B}.Release|Any CPU.Build.0 = Release|Any CPU
	EndGlobalSection
	GlobalSection(SolutionProperties) = preSolution
		HideSolutionNode = FALSE
	EndGlobalSection
	GlobalSection(ExtensibilityGlobals) = postSolution
		SolutionGuid = {E169EA76-B4E5-4147-99E2-4D6C92B49F0A}
	EndGlobalSection
EndGlobal
